lockfileVersion: '6.0'

settings:
  autoInstallPeers: true
  excludeLinksFromLockfile: false

dependencies:
  react-router-dom:
    specifier: ^6.18.0
    version: 6.18.0(react-dom@18.2.0)(react@18.2.0)

packages:

  /@remix-run/router@1.11.0:
    resolution: {integrity: sha512-BHdhcWgeiudl91HvVa2wxqZjSHbheSgIiDvxrF1VjFzBzpTtuDPkOdOi3Iqvc08kXtFkLjhbS+ML9aM8mJS+wQ==}
    engines: {node: '>=14.0.0'}
    dev: false

  /js-tokens@4.0.0:
    resolution: {integrity: sha512-RdJUflcE3cUzKiMqQgsCu06FPu9UdIJO0beYbPhHN4k6apgJtifcoCtT9bcxOpYBtpD2kCM6Sbzg4CausW/PKQ==}
    dev: false

  /loose-envify@1.4.0:
    resolution: {integrity: sha512-lyuxPGr/Wfhrlem2CL/UcnUc1zcqKAImBDzukY7Y5F/yQiNdko6+fRLevlw1HgMySw7f611UIY408EtxRSoK3Q==}
    hasBin: true
    dependencies:
      js-tokens: 4.0.0
    dev: false

  /react-dom@18.2.0(react@18.2.0):
    resolution: {integrity: sha512-6IMTriUmvsjHUjNtEDudZfuDQUoWXVxKHhlEGSk81n4YFS+r/Kl99wXiwlVXtPBtJenozv2P+hxDsw9eA7Xo6g==}
    peerDependencies:
      react: ^18.2.0
    dependencies:
      loose-envify: 1.4.0
      react: 18.2.0
      scheduler: 0.23.0
    dev: false

  /react-router-dom@6.18.0(react-dom@18.2.0)(react@18.2.0):
    resolution: {integrity: sha512-Ubrue4+Ercc/BoDkFQfc6og5zRQ4A8YxSO3Knsne+eRbZ+IepAsK249XBH/XaFuOYOYr3L3r13CXTLvYt5JDjw==}
    engines: {node: '>=14.0.0'}
    peerDependencies:
      react: '>=16.8'
      react-dom: '>=16.8'
    dependencies:
      '@remix-run/router': 1.11.0
      react: 18.2.0
      react-dom: 18.2.0(react@18.2.0)
      react-router: 6.18.0(react@18.2.0)
    dev: false

  /react-router@6.18.0(react@18.2.0):
    resolution: {integrity: sha512-vk2y7Dsy8wI02eRRaRmOs9g2o+aE72YCx5q9VasT1N9v+lrdB79tIqrjMfByHiY5+6aYkH2rUa5X839nwWGPDg==}
    engines: {node: '>=14.0.0'}
    peerDependencies:
      react: '>=16.8'
    dependencies:
      '@remix-run/router': 1.11.0
      react: 18.2.0
    dev: false

  /react@18.2.0:
    resolution: {integrity: sha512-/3IjMdb2L9QbBdWiW5e3P2/npwMBaU9mHCSCUzNln0ZCYbcfTsGbTJrU/kGemdH2IWmB2ioZ+zkxtmq6g09fGQ==}
    engines: {node: '>=0.10.0'}
    dependencies:
      loose-envify: 1.4.0
    dev: false

  /scheduler@0.23.0:
    resolution: {integrity: sha512-CtuThmgHNg7zIZWAXi3AsyIzA3n4xx7aNyjwC2VJldO2LMVDhFK+63xGqq6CsJH4rTAt6/M+N4GhZiDYPx9eUw==}
    dependencies:
      loose-envify: 1.4.0
    dev: false
